
Microsoft Visual Studio Solution File, Format Version 12.00
# Visual Studio Version 16
VisualStudioVersion = 16.0.29519.181
MinimumVisualStudioVersion = 10.0.40219.1
Project("{9A19103F-16F7-4668-BE54-9A1E7A4F7556}") = "CMSWebAPI", "CMSWebAPI\CMSWebAPI.csproj", "{031FC716-87D1-49E1-8689-98A28D936E99}"
EndProject
Project("{FAE04EC0-301F-11D3-BF4B-00C04F79EFBC}") = "CMSWebAPI.Models", "CMSWebAPI.Models\CMSWebAPI.Models.csproj", "{FABD0884-298A-4385-8883-171533D18AD7}"
EndProject
Project("{FAE04EC0-301F-11D3-BF4B-00C04F79EFBC}") = "CMSWebAPI.DAL", "CMSWebAPI.DAL\CMSWebAPI.DAL.csproj", "{FE38724D-380B-4158-B9BB-8B20232CF29E}"
EndProject
Global
	GlobalSection(SolutionConfigurationPlatforms) = preSolution
		Debug|Any CPU = Debug|Any CPU
		Release|Any CPU = Release|Any CPU
	EndGlobalSection
	GlobalSection(ProjectConfigurationPlatforms) = postSolution
		{031FC716-87D1-49E1-8689-98A28D936E99}.Debug|Any CPU.ActiveCfg = Debug|Any CPU
		{031FC716-87D1-49E1-8689-98A28D936E99}.Debug|Any CPU.Build.0 = Debug|Any CPU
		{031FC716-87D1-49E1-8689-98A28D936E99}.Release|Any CPU.ActiveCfg = Release|Any CPU
		{031FC716-87D1-49E1-8689-98A28D936E99}.Release|Any CPU.Build.0 = Release|Any CPU
		{FABD0884-298A-4385-8883-171533D18AD7}.Debug|Any CPU.ActiveCfg = Debug|Any CPU
		{FABD0884-298A-4385-8883-171533D18AD7}.Debug|Any CPU.Build.0 = Debug|Any CPU
		{FABD0884-298A-4385-8883-171533D18AD7}.Release|Any CPU.ActiveCfg = Release|Any CPU
		{FABD0884-298A-4385-8883-171533D18AD7}.Release|Any CPU.Build.0 = Release|Any CPU
		{FE38724D-380B-4158-B9BB-8B20232CF29E}.Debug|Any CPU.ActiveCfg = Debug|Any CPU
		{FE38724D-380B-4158-B9BB-8B20232CF29E}.Debug|Any CPU.Build.0 = Debug|Any CPU
		{FE38724D-380B-4158-B9BB-8B20232CF29E}.Release|Any CPU.ActiveCfg = Release|Any CPU
		{FE38724D-380B-4158-B9BB-8B20232CF29E}.Release|Any CPU.Build.0 = Release|Any CPU
	EndGlobalSection
	GlobalSection(SolutionProperties) = preSolution
		HideSolutionNode = FALSE
	EndGlobalSection
	GlobalSection(ExtensibilityGlobals) = postSolution
		SolutionGuid = {BAD7C7A8-0C2B-43F2-BD06-5FC6249F5A66}
	EndGlobalSection
EndGlobal
